// !$*UTF8*$!
{
	archiveVersion = 1;
	classes = {
	};
	objectVersion = 77;
	objects = {

/* Begin PBXBuildFile section */
		0AB73635DD6EC74C5856AB01 /* MobilityOpsCard.swift in Sources */ = {isa = PBXBuildFile; fileRef = AA23865D59A435635C050AB1 /* MobilityOpsCard.swift */; };
		2E1C12D442534358B369176A /* RootDashboardView.swift in Sources */ = {isa = PBXBuildFile; fileRef = A2E70C98214F54693A2902DF /* RootDashboardView.swift */; };
		32F358D0A804D6B6729B9633 /* CommandCenterCard.swift in Sources */ = {isa = PBXBuildFile; fileRef = 701AC8F4232AEDB3C55A73FF /* CommandCenterCard.swift */; };
		41744CFA8AD7292B2B10DEE2 /* AtlasResearchEngine.swift in Sources */ = {isa = PBXBuildFile; fileRef = D34CF08BA1DF4E4687C867B6 /* AtlasResearchEngine.swift */; };
		48578CE23CA9F652991B9DD5 /* AtlasMasaMacOSApp.swift in Sources */ = {isa = PBXBuildFile; fileRef = F68D9804EF1A702B79D9C77C /* AtlasMasaMacOSApp.swift */; };
		4977C8BCCDBF7F764022E5BE /* WorkspacesCard.swift in Sources */ = {isa = PBXBuildFile; fileRef = DBA5C0BAC13AFA7A9431BA67 /* WorkspacesCard.swift */; };
		4CA538F5460CB0D3C14D21C2 /* SystemOutputCard.swift in Sources */ = {isa = PBXBuildFile; fileRef = AEA99F6D0296C48ECE4A2A60 /* SystemOutputCard.swift */; };
		547292A5F92D34A20A7367B6 /* AtlasTheme.swift in Sources */ = {isa = PBXBuildFile; fileRef = 53C22511E6096A3D8FED9BDD /* AtlasTheme.swift */; };
		63DBB8353BD8A75859881BED /* AtlasResearchPack.swift in Sources */ = {isa = PBXBuildFile; fileRef = 4B12A51870BD19ABD4449574 /* AtlasResearchPack.swift */; };
		67FC01DCAE5F9A7B74C23D2E /* Models.swift in Sources */ = {isa = PBXBuildFile; fileRef = FBEA857915038352C5FB3F77 /* Models.swift */; };
		6EDEA19E422CAAD3406C4490 /* AppleSignInCard.swift in Sources */ = {isa = PBXBuildFile; fileRef = F9E9B68F4A4CF5BC665C3ED4 /* AppleSignInCard.swift */; };
		6EEBF9E6195B6B0BBFCC8D65 /* APIClient.swift in Sources */ = {isa = PBXBuildFile; fileRef = 1AEDA4DBA73A4A08C4AE4749 /* APIClient.swift */; };
		76F04D481CF68BE58AF18CD3 /* PromptQueueCard.swift in Sources */ = {isa = PBXBuildFile; fileRef = C62F7ACC25BA48AF08C43F09 /* PromptQueueCard.swift */; };
		8283E8F4FF3031E795FD5A9D /* ProactiveFeedCard.swift in Sources */ = {isa = PBXBuildFile; fileRef = 465052A26DDD04F7EDBFECDE /* ProactiveFeedCard.swift */; };
		9D10A98F11702E4D31217BC6 /* AdaptiveSurveyCard.swift in Sources */ = {isa = PBXBuildFile; fileRef = DFA8F9C3658DF251A9FACC77 /* AdaptiveSurveyCard.swift */; };
		A5F3805AD134EB9422571662 /* SessionStore.swift in Sources */ = {isa = PBXBuildFile; fileRef = 8631F1FF407506DC227EDA6C /* SessionStore.swift */; };
		D1A738641AB896B8672BD6F5 /* SubscriptionCard.swift in Sources */ = {isa = PBXBuildFile; fileRef = 0FC34004A8E67F5BCAC9DE5D /* SubscriptionCard.swift */; };
		D6F1B592D61E9572BD59F9D9 /* AppEnvironment.swift in Sources */ = {isa = PBXBuildFile; fileRef = 66AE552C360A6F968678AF5F /* AppEnvironment.swift */; };
		F9FA19C612C06175DF6172FD /* LocalReasoningEngine.swift in Sources */ = {isa = PBXBuildFile; fileRef = 8E9A1D2906182B7701821C8D /* LocalReasoningEngine.swift */; };
		FD1F2CC4129730D32F8E3B9A /* NotesCard.swift in Sources */ = {isa = PBXBuildFile; fileRef = 2065AF6AAACC3B43D3C60ABF /* NotesCard.swift */; };
		FD7DB5912AD9509E437FC657 /* AtlasMasaMacOSTests.swift in Sources */ = {isa = PBXBuildFile; fileRef = 053D516A3D63A379FAB18E16 /* AtlasMasaMacOSTests.swift */; };
/* End PBXBuildFile section */

/* Begin PBXContainerItemProxy section */
		393817DC4B5C32573028FF31 /* PBXContainerItemProxy */ = {
			isa = PBXContainerItemProxy;
			containerPortal = 00A3781DFB7765F9D2BB2C0A /* Project object */;
			proxyType = 1;
			remoteGlobalIDString = 4372C7088BAF73D21391694C;
			remoteInfo = AtlasMasaMacOS;
		};
/* End PBXContainerItemProxy section */

/* Begin PBXFileReference section */
		03B2FFDCD70055B0B8230F31 /* AtlasMasaMacOSTests.xctest */ = {isa = PBXFileReference; explicitFileType = wrapper.cfbundle; includeInIndex = 0; path = AtlasMasaMacOSTests.xctest; sourceTree = BUILT_PRODUCTS_DIR; };
		053D516A3D63A379FAB18E16 /* AtlasMasaMacOSTests.swift */ = {isa = PBXFileReference; lastKnownFileType = sourcecode.swift; path = AtlasMasaMacOSTests.swift; sourceTree = "<group>"; };
		0FC34004A8E67F5BCAC9DE5D /* SubscriptionCard.swift */ = {isa = PBXFileReference; lastKnownFileType = sourcecode.swift; path = SubscriptionCard.swift; sourceTree = "<group>"; };
		1AEDA4DBA73A4A08C4AE4749 /* APIClient.swift */ = {isa = PBXFileReference; lastKnownFileType = sourcecode.swift; path = APIClient.swift; sourceTree = "<group>"; };
		2065AF6AAACC3B43D3C60ABF /* NotesCard.swift */ = {isa = PBXFileReference; lastKnownFileType = sourcecode.swift; path = NotesCard.swift; sourceTree = "<group>"; };
		465052A26DDD04F7EDBFECDE /* ProactiveFeedCard.swift */ = {isa = PBXFileReference; lastKnownFileType = sourcecode.swift; path = ProactiveFeedCard.swift; sourceTree = "<group>"; };
		4B12A51870BD19ABD4449574 /* AtlasResearchPack.swift */ = {isa = PBXFileReference; lastKnownFileType = sourcecode.swift; path = AtlasResearchPack.swift; sourceTree = "<group>"; };
		53C22511E6096A3D8FED9BDD /* AtlasTheme.swift */ = {isa = PBXFileReference; lastKnownFileType = sourcecode.swift; path = AtlasTheme.swift; sourceTree = "<group>"; };
		66AE552C360A6F968678AF5F /* AppEnvironment.swift */ = {isa = PBXFileReference; lastKnownFileType = sourcecode.swift; path = AppEnvironment.swift; sourceTree = "<group>"; };
		701AC8F4232AEDB3C55A73FF /* CommandCenterCard.swift */ = {isa = PBXFileReference; lastKnownFileType = sourcecode.swift; path = CommandCenterCard.swift; sourceTree = "<group>"; };
		8631F1FF407506DC227EDA6C /* SessionStore.swift */ = {isa = PBXFileReference; lastKnownFileType = sourcecode.swift; path = SessionStore.swift; sourceTree = "<group>"; };
		8E9A1D2906182B7701821C8D /* LocalReasoningEngine.swift */ = {isa = PBXFileReference; lastKnownFileType = sourcecode.swift; path = LocalReasoningEngine.swift; sourceTree = "<group>"; };
		A2E70C98214F54693A2902DF /* RootDashboardView.swift */ = {isa = PBXFileReference; lastKnownFileType = sourcecode.swift; path = RootDashboardView.swift; sourceTree = "<group>"; };
		AA23865D59A435635C050AB1 /* MobilityOpsCard.swift */ = {isa = PBXFileReference; lastKnownFileType = sourcecode.swift; path = MobilityOpsCard.swift; sourceTree = "<group>"; };
		AEA99F6D0296C48ECE4A2A60 /* SystemOutputCard.swift */ = {isa = PBXFileReference; lastKnownFileType = sourcecode.swift; path = SystemOutputCard.swift; sourceTree = "<group>"; };
		B9F90A457FB34F6384CE7322 /* AtlasMasaMacOS.app */ = {isa = PBXFileReference; explicitFileType = wrapper.application; includeInIndex = 0; path = AtlasMasaMacOS.app; sourceTree = BUILT_PRODUCTS_DIR; };
		C62F7ACC25BA48AF08C43F09 /* PromptQueueCard.swift */ = {isa = PBXFileReference; lastKnownFileType = sourcecode.swift; path = PromptQueueCard.swift; sourceTree = "<group>"; };
		D34CF08BA1DF4E4687C867B6 /* AtlasResearchEngine.swift */ = {isa = PBXFileReference; lastKnownFileType = sourcecode.swift; path = AtlasResearchEngine.swift; sourceTree = "<group>"; };
		DBA5C0BAC13AFA7A9431BA67 /* WorkspacesCard.swift */ = {isa = PBXFileReference; lastKnownFileType = sourcecode.swift; path = WorkspacesCard.swift; sourceTree = "<group>"; };
		DFA8F9C3658DF251A9FACC77 /* AdaptiveSurveyCard.swift */ = {isa = PBXFileReference; lastKnownFileType = sourcecode.swift; path = AdaptiveSurveyCard.swift; sourceTree = "<group>"; };
		F68D9804EF1A702B79D9C77C /* AtlasMasaMacOSApp.swift */ = {isa = PBXFileReference; lastKnownFileType = sourcecode.swift; path = AtlasMasaMacOSApp.swift; sourceTree = "<group>"; };
		F9E9B68F4A4CF5BC665C3ED4 /* AppleSignInCard.swift */ = {isa = PBXFileReference; lastKnownFileType = sourcecode.swift; path = AppleSignInCard.swift; sourceTree = "<group>"; };
		FBEA857915038352C5FB3F77 /* Models.swift */ = {isa = PBXFileReference; lastKnownFileType = sourcecode.swift; path = Models.swift; sourceTree = "<group>"; };
/* End PBXFileReference section */

/* Begin PBXGroup section */
		37D1F2723B1288C0B26AFDC9 /* Products */ = {
			isa = PBXGroup;
			children = (
				B9F90A457FB34F6384CE7322 /* AtlasMasaMacOS.app */,
				03B2FFDCD70055B0B8230F31 /* AtlasMasaMacOSTests.xctest */,
			);
			name = Products;
			sourceTree = "<group>";
		};
		3F2E2F8825099193FE6F0500 /* Billing */ = {
			isa = PBXGroup;
			children = (
				0FC34004A8E67F5BCAC9DE5D /* SubscriptionCard.swift */,
			);
			path = Billing;
			sourceTree = "<group>";
		};
		57F17461D3DC7A35FDFE41F9 = {
			isa = PBXGroup;
			children = (
				765C75AD7A39A1DBD53EF450 /* Sources */,
				F7CD35E9BD0AB85C37A1CDC9 /* Tests */,
				37D1F2723B1288C0B26AFDC9 /* Products */,
			);
			sourceTree = "<group>";
		};
		63D8AF83FC0F1A0A259714B8 /* Features */ = {
			isa = PBXGroup;
			children = (
				B07468AC91EDE35FDA774BF4 /* Auth */,
				3F2E2F8825099193FE6F0500 /* Billing */,
				B4B851635477CE9D478302B3 /* Command */,
				6B938DED3BFCA85950EAB891 /* Feed */,
				9A3954E44AE963D90B721FBD /* Mobility */,
				886C3BBCB3731BB35F827DD2 /* Notes */,
				925C6F4969075F91557509FE /* Queue */,
				ED60BB0D944DEF7A4BDC5496 /* Status */,
				C9741BF0968F302796734B54 /* Survey */,
				EC726A7300EBCE8678192187 /* Workspaces */,
			);
			path = Features;
			sourceTree = "<group>";
		};
		6B938DED3BFCA85950EAB891 /* Feed */ = {
			isa = PBXGroup;
			children = (
				465052A26DDD04F7EDBFECDE /* ProactiveFeedCard.swift */,
			);
			path = Feed;
			sourceTree = "<group>";
		};
		765C75AD7A39A1DBD53EF450 /* Sources */ = {
			isa = PBXGroup;
			children = (
				8838F3529DB3F7146756C898 /* App */,
				F8AD3AEA3034D10E5E871D90 /* Core */,
				63D8AF83FC0F1A0A259714B8 /* Features */,
			);
			name = Sources;
			path = AtlasMasaMacOS/Sources;
			sourceTree = "<group>";
		};
		8838F3529DB3F7146756C898 /* App */ = {
			isa = PBXGroup;
			children = (
				F68D9804EF1A702B79D9C77C /* AtlasMasaMacOSApp.swift */,
				A2E70C98214F54693A2902DF /* RootDashboardView.swift */,
			);
			path = App;
			sourceTree = "<group>";
		};
		886C3BBCB3731BB35F827DD2 /* Notes */ = {
			isa = PBXGroup;
			children = (
				2065AF6AAACC3B43D3C60ABF /* NotesCard.swift */,
			);
			path = Notes;
			sourceTree = "<group>";
		};
		925C6F4969075F91557509FE /* Queue */ = {
			isa = PBXGroup;
			children = (
				C62F7ACC25BA48AF08C43F09 /* PromptQueueCard.swift */,
			);
			path = Queue;
			sourceTree = "<group>";
		};
		9A3954E44AE963D90B721FBD /* Mobility */ = {
			isa = PBXGroup;
			children = (
				AA23865D59A435635C050AB1 /* MobilityOpsCard.swift */,
			);
			path = Mobility;
			sourceTree = "<group>";
		};
		B07468AC91EDE35FDA774BF4 /* Auth */ = {
			isa = PBXGroup;
			children = (
				F9E9B68F4A4CF5BC665C3ED4 /* AppleSignInCard.swift */,
			);
			path = Auth;
			sourceTree = "<group>";
		};
		B4B851635477CE9D478302B3 /* Command */ = {
			isa = PBXGroup;
			children = (
				701AC8F4232AEDB3C55A73FF /* CommandCenterCard.swift */,
			);
			path = Command;
			sourceTree = "<group>";
		};
		C9741BF0968F302796734B54 /* Survey */ = {
			isa = PBXGroup;
			children = (
				DFA8F9C3658DF251A9FACC77 /* AdaptiveSurveyCard.swift */,
			);
			path = Survey;
			sourceTree = "<group>";
		};
		EC726A7300EBCE8678192187 /* Workspaces */ = {
			isa = PBXGroup;
			children = (
				DBA5C0BAC13AFA7A9431BA67 /* WorkspacesCard.swift */,
			);
			path = Workspaces;
			sourceTree = "<group>";
		};
		ED60BB0D944DEF7A4BDC5496 /* Status */ = {
			isa = PBXGroup;
			children = (
				AEA99F6D0296C48ECE4A2A60 /* SystemOutputCard.swift */,
			);
			path = Status;
			sourceTree = "<group>";
		};
		F7CD35E9BD0AB85C37A1CDC9 /* Tests */ = {
			isa = PBXGroup;
			children = (
				053D516A3D63A379FAB18E16 /* AtlasMasaMacOSTests.swift */,
			);
			name = Tests;
			path = AtlasMasaMacOS/Tests;
			sourceTree = "<group>";
		};
		F8AD3AEA3034D10E5E871D90 /* Core */ = {
			isa = PBXGroup;
			children = (
				1AEDA4DBA73A4A08C4AE4749 /* APIClient.swift */,
				66AE552C360A6F968678AF5F /* AppEnvironment.swift */,
				D34CF08BA1DF4E4687C867B6 /* AtlasResearchEngine.swift */,
				4B12A51870BD19ABD4449574 /* AtlasResearchPack.swift */,
				53C22511E6096A3D8FED9BDD /* AtlasTheme.swift */,
				8E9A1D2906182B7701821C8D /* LocalReasoningEngine.swift */,
				FBEA857915038352C5FB3F77 /* Models.swift */,
				8631F1FF407506DC227EDA6C /* SessionStore.swift */,
			);
			path = Core;
			sourceTree = "<group>";
		};
/* End PBXGroup section */

/* Begin PBXNativeTarget section */
		4372C7088BAF73D21391694C /* AtlasMasaMacOS */ = {
			isa = PBXNativeTarget;
			buildConfigurationList = 19518170FC9C0BC2E740C963 /* Build configuration list for PBXNativeTarget "AtlasMasaMacOS" */;
			buildPhases = (
				D52903C00F77B1AAC5A69FCC /* Sources */,
			);
			buildRules = (
			);
			dependencies = (
			);
			name = AtlasMasaMacOS;
			packageProductDependencies = (
			);
			productName = AtlasMasaMacOS;
			productReference = B9F90A457FB34F6384CE7322 /* AtlasMasaMacOS.app */;
			productType = "com.apple.product-type.application";
		};
		60DF285E0EFD075C8C0576E4 /* AtlasMasaMacOSTests */ = {
			isa = PBXNativeTarget;
			buildConfigurationList = 028EF69E38AA096C556334B1 /* Build configuration list for PBXNativeTarget "AtlasMasaMacOSTests" */;
			buildPhases = (
				311410CCFC6BB57102FF8643 /* Sources */,
			);
			buildRules = (
			);
			dependencies = (
				C671D11C3BB2291B553A12F4 /* PBXTargetDependency */,
			);
			name = AtlasMasaMacOSTests;
			packageProductDependencies = (
			);
			productName = AtlasMasaMacOSTests;
			productReference = 03B2FFDCD70055B0B8230F31 /* AtlasMasaMacOSTests.xctest */;
			productType = "com.apple.product-type.bundle.unit-test";
		};
/* End PBXNativeTarget section */

/* Begin PBXProject section */
		00A3781DFB7765F9D2BB2C0A /* Project object */ = {
			isa = PBXProject;
			attributes = {
				BuildIndependentTargetsInParallel = YES;
				LastUpgradeCheck = 1430;
				TargetAttributes = {
					4372C7088BAF73D21391694C = {
						DevelopmentTeam = BW93SGS88H;
					};
				};
			};
			buildConfigurationList = DD471536F85F744267193D99 /* Build configuration list for PBXProject "AtlasMasaMacOS" */;
			compatibilityVersion = "Xcode 14.0";
			developmentRegion = en;
			hasScannedForEncodings = 0;
			knownRegions = (
				Base,
				en,
			);
			mainGroup = 57F17461D3DC7A35FDFE41F9;
			minimizedProjectReferenceProxies = 1;
			preferredProjectObjectVersion = 77;
			projectDirPath = "";
			projectRoot = "";
			targets = (
				4372C7088BAF73D21391694C /* AtlasMasaMacOS */,
				60DF285E0EFD075C8C0576E4 /* AtlasMasaMacOSTests */,
			);
		};
/* End PBXProject section */

/* Begin PBXSourcesBuildPhase section */
		311410CCFC6BB57102FF8643 /* Sources */ = {
			isa = PBXSourcesBuildPhase;
			buildActionMask = 2147483647;
			files = (
				FD7DB5912AD9509E437FC657 /* AtlasMasaMacOSTests.swift in Sources */,
			);
			runOnlyForDeploymentPostprocessing = 0;
		};
		D52903C00F77B1AAC5A69FCC /* Sources */ = {
			isa = PBXSourcesBuildPhase;
			buildActionMask = 2147483647;
			files = (
				6EEBF9E6195B6B0BBFCC8D65 /* APIClient.swift in Sources */,
				9D10A98F11702E4D31217BC6 /* AdaptiveSurveyCard.swift in Sources */,
				D6F1B592D61E9572BD59F9D9 /* AppEnvironment.swift in Sources */,
				6EDEA19E422CAAD3406C4490 /* AppleSignInCard.swift in Sources */,
				48578CE23CA9F652991B9DD5 /* AtlasMasaMacOSApp.swift in Sources */,
				41744CFA8AD7292B2B10DEE2 /* AtlasResearchEngine.swift in Sources */,
				63DBB8353BD8A75859881BED /* AtlasResearchPack.swift in Sources */,
				547292A5F92D34A20A7367B6 /* AtlasTheme.swift in Sources */,
				32F358D0A804D6B6729B9633 /* CommandCenterCard.swift in Sources */,
				F9FA19C612C06175DF6172FD /* LocalReasoningEngine.swift in Sources */,
				0AB73635DD6EC74C5856AB01 /* MobilityOpsCard.swift in Sources */,
				67FC01DCAE5F9A7B74C23D2E /* Models.swift in Sources */,
				FD1F2CC4129730D32F8E3B9A /* NotesCard.swift in Sources */,
				8283E8F4FF3031E795FD5A9D /* ProactiveFeedCard.swift in Sources */,
				76F04D481CF68BE58AF18CD3 /* PromptQueueCard.swift in Sources */,
				2E1C12D442534358B369176A /* RootDashboardView.swift in Sources */,
				A5F3805AD134EB9422571662 /* SessionStore.swift in Sources */,
				D1A738641AB896B8672BD6F5 /* SubscriptionCard.swift in Sources */,
				4CA538F5460CB0D3C14D21C2 /* SystemOutputCard.swift in Sources */,
				4977C8BCCDBF7F764022E5BE /* WorkspacesCard.swift in Sources */,
			);
			runOnlyForDeploymentPostprocessing = 0;
		};
/* End PBXSourcesBuildPhase section */

/* Begin PBXTargetDependency section */
		C671D11C3BB2291B553A12F4 /* PBXTargetDependency */ = {
			isa = PBXTargetDependency;
			target = 4372C7088BAF73D21391694C /* AtlasMasaMacOS */;
			targetProxy = 393817DC4B5C32573028FF31 /* PBXContainerItemProxy */;
		};
/* End PBXTargetDependency section */

/* Begin XCBuildConfiguration section */
		05A391D495EA923D7D85695C /* Debug */ = {
			isa = XCBuildConfiguration;
			buildSettings = {
				ASSETCATALOG_COMPILER_APPICON_NAME = AppIcon;
				CODE_SIGN_ENTITLEMENTS = AtlasMasaMacOS/AtlasMasaMacOS.entitlements;
				COMBINE_HIDPI_IMAGES = YES;
				DEVELOPMENT_TEAM = BW93SGS88H;
				INFOPLIST_FILE = AtlasMasaMacOS/Info.plist;
				LD_RUNPATH_SEARCH_PATHS = (
					"$(inherited)",
					"@executable_path/../Frameworks",
				);
				MACOSX_DEPLOYMENT_TARGET = 14.0;
				PRODUCT_BUNDLE_IDENTIFIER = com.atlasmasa.macos;
				SDKROOT = macosx;
			};
			name = Debug;
		};
		676F851DC9D4930B9B45284C /* Debug */ = {
			isa = XCBuildConfiguration;
			buildSettings = {
				ALWAYS_SEARCH_USER_PATHS = NO;
				CLANG_ANALYZER_NONNULL = YES;
				CLANG_ANALYZER_NUMBER_OBJECT_CONVERSION = YES_AGGRESSIVE;
				CLANG_CXX_LANGUAGE_STANDARD = "gnu++14";
				CLANG_CXX_LIBRARY = "libc++";
				CLANG_ENABLE_MODULES = YES;
				CLANG_ENABLE_OBJC_ARC = YES;
				CLANG_ENABLE_OBJC_WEAK = YES;
				CLANG_WARN_BLOCK_CAPTURE_AUTORELEASING = YES;
				CLANG_WARN_BOOL_CONVERSION = YES;
				CLANG_WARN_COMMA = YES;
				CLANG_WARN_CONSTANT_CONVERSION = YES;
				CLANG_WARN_DEPRECATED_OBJC_IMPLEMENTATIONS = YES;
				CLANG_WARN_DIRECT_OBJC_ISA_USAGE = YES_ERROR;
				CLANG_WARN_DOCUMENTATION_COMMENTS = YES;
				CLANG_WARN_EMPTY_BODY = YES;
				CLANG_WARN_ENUM_CONVERSION = YES;
				CLANG_WARN_INFINITE_RECURSION = YES;
				CLANG_WARN_INT_CONVERSION = YES;
				CLANG_WARN_NON_LITERAL_NULL_CONVERSION = YES;
				CLANG_WARN_OBJC_IMPLICIT_RETAIN_SELF = YES;
				CLANG_WARN_OBJC_LITERAL_CONVERSION = YES;
				CLANG_WARN_OBJC_ROOT_CLASS = YES_ERROR;
				CLANG_WARN_QUOTED_INCLUDE_IN_FRAMEWORK_HEADER = YES;
				CLANG_WARN_RANGE_LOOP_ANALYSIS = YES;
				CLANG_WARN_STRICT_PROTOTYPES = YES;
				CLANG_WARN_SUSPICIOUS_MOVE = YES;
				CLANG_WARN_UNGUARDED_AVAILABILITY = YES_AGGRESSIVE;
				CLANG_WARN_UNREACHABLE_CODE = YES;
				CLANG_WARN__DUPLICATE_METHOD_MATCH = YES;
				COPY_PHASE_STRIP = NO;
				CURRENT_PROJECT_VERSION = 1;
				DEBUG_INFORMATION_FORMAT = dwarf;
				ENABLE_STRICT_OBJC_MSGSEND = YES;
				ENABLE_TESTABILITY = YES;
				GCC_C_LANGUAGE_STANDARD = gnu11;
				GCC_DYNAMIC_NO_PIC = NO;
				GCC_NO_COMMON_BLOCKS = YES;
				GCC_OPTIMIZATION_LEVEL = 0;
				GCC_PREPROCESSOR_DEFINITIONS = (
					"$(inherited)",
					"DEBUG=1",
				);
				GCC_WARN_64_TO_32_BIT_CONVERSION = YES;
				GCC_WARN_ABOUT_RETURN_TYPE = YES_ERROR;
				GCC_WARN_UNDECLARED_SELECTOR = YES;
				GCC_WARN_UNINITIALIZED_AUTOS = YES_AGGRESSIVE;
				GCC_WARN_UNUSED_FUNCTION = YES;
				GCC_WARN_UNUSED_VARIABLE = YES;
				MARKETING_VERSION = 0.1.0;
				MTL_ENABLE_DEBUG_INFO = INCLUDE_SOURCE;
				MTL_FAST_MATH = YES;
				ONLY_ACTIVE_ARCH = YES;
				PRODUCT_NAME = "$(TARGET_NAME)";
				SDKROOT = macosx;
				SWIFT_ACTIVE_COMPILATION_CONDITIONS = DEBUG;
				SWIFT_OPTIMIZATION_LEVEL = "-Onone";
				SWIFT_VERSION = 5.1;
			};
			name = Debug;
		};
		71923FB66EA1DECB64A5D48F /* Debug */ = {
			isa = XCBuildConfiguration;
			buildSettings = {
				BUNDLE_LOADER = "$(TEST_HOST)";
				COMBINE_HIDPI_IMAGES = YES;
				LD_RUNPATH_SEARCH_PATHS = (
					"$(inherited)",
					"@executable_path/../Frameworks",
					"@loader_path/../Frameworks",
				);
				PRODUCT_BUNDLE_IDENTIFIER = com.atlasmasa.macos.tests;
				SDKROOT = macosx;
				TEST_HOST = "$(BUILT_PRODUCTS_DIR)/AtlasMasaMacOS.app/Contents/MacOS/AtlasMasaMacOS";
			};
			name = Debug;
		};
		CD5A63BC5209B8783EAC5A04 /* Release */ = {
			isa = XCBuildConfiguration;
			buildSettings = {
				ASSETCATALOG_COMPILER_APPICON_NAME = AppIcon;
				CODE_SIGN_ENTITLEMENTS = AtlasMasaMacOS/AtlasMasaMacOS.entitlements;
				COMBINE_HIDPI_IMAGES = YES;
				DEVELOPMENT_TEAM = BW93SGS88H;
				INFOPLIST_FILE = AtlasMasaMacOS/Info.plist;
				LD_RUNPATH_SEARCH_PATHS = (
					"$(inherited)",
					"@executable_path/../Frameworks",
				);
				MACOSX_DEPLOYMENT_TARGET = 14.0;
				PRODUCT_BUNDLE_IDENTIFIER = com.atlasmasa.macos;
				SDKROOT = macosx;
			};
			name = Release;
		};
		D50D5DD494916AAC429CB1F8 /* Release */ = {
			isa = XCBuildConfiguration;
			buildSettings = {
				BUNDLE_LOADER = "$(TEST_HOST)";
				COMBINE_HIDPI_IMAGES = YES;
				LD_RUNPATH_SEARCH_PATHS = (
					"$(inherited)",
					"@executable_path/../Frameworks",
					"@loader_path/../Frameworks",
				);
				PRODUCT_BUNDLE_IDENTIFIER = com.atlasmasa.macos.tests;
				SDKROOT = macosx;
				TEST_HOST = "$(BUILT_PRODUCTS_DIR)/AtlasMasaMacOS.app/Contents/MacOS/AtlasMasaMacOS";
			};
			name = Release;
		};
		EFAADF52BE6DAEF629A210B3 /* Release */ = {
			isa = XCBuildConfiguration;
			buildSettings = {
				ALWAYS_SEARCH_USER_PATHS = NO;
				CLANG_ANALYZER_NONNULL = YES;
				CLANG_ANALYZER_NUMBER_OBJECT_CONVERSION = YES_AGGRESSIVE;
				CLANG_CXX_LANGUAGE_STANDARD = "gnu++14";
				CLANG_CXX_LIBRARY = "libc++";
				CLANG_ENABLE_MODULES = YES;
				CLANG_ENABLE_OBJC_ARC = YES;
				CLANG_ENABLE_OBJC_WEAK = YES;
				CLANG_WARN_BLOCK_CAPTURE_AUTORELEASING = YES;
				CLANG_WARN_BOOL_CONVERSION = YES;
				CLANG_WARN_COMMA = YES;
				CLANG_WARN_CONSTANT_CONVERSION = YES;
				CLANG_WARN_DEPRECATED_OBJC_IMPLEMENTATIONS = YES;
				CLANG_WARN_DIRECT_OBJC_ISA_USAGE = YES_ERROR;
				CLANG_WARN_DOCUMENTATION_COMMENTS = YES;
				CLANG_WARN_EMPTY_BODY = YES;
				CLANG_WARN_ENUM_CONVERSION = YES;
				CLANG_WARN_INFINITE_RECURSION = YES;
				CLANG_WARN_INT_CONVERSION = YES;
				CLANG_WARN_NON_LITERAL_NULL_CONVERSION = YES;
				CLANG_WARN_OBJC_IMPLICIT_RETAIN_SELF = YES;
				CLANG_WARN_OBJC_LITERAL_CONVERSION = YES;
				CLANG_WARN_OBJC_ROOT_CLASS = YES_ERROR;
				CLANG_WARN_QUOTED_INCLUDE_IN_FRAMEWORK_HEADER = YES;
				CLANG_WARN_RANGE_LOOP_ANALYSIS = YES;
				CLANG_WARN_STRICT_PROTOTYPES = YES;
				CLANG_WARN_SUSPICIOUS_MOVE = YES;
				CLANG_WARN_UNGUARDED_AVAILABILITY = YES_AGGRESSIVE;
				CLANG_WARN_UNREACHABLE_CODE = YES;
				CLANG_WARN__DUPLICATE_METHOD_MATCH = YES;
				COPY_PHASE_STRIP = NO;
				CURRENT_PROJECT_VERSION = 1;
				DEBUG_INFORMATION_FORMAT = "dwarf-with-dsym";
				ENABLE_NS_ASSERTIONS = NO;
				ENABLE_STRICT_OBJC_MSGSEND = YES;
				GCC_C_LANGUAGE_STANDARD = gnu11;
				GCC_NO_COMMON_BLOCKS = YES;
				GCC_WARN_64_TO_32_BIT_CONVERSION = YES;
				GCC_WARN_ABOUT_RETURN_TYPE = YES_ERROR;
				GCC_WARN_UNDECLARED_SELECTOR = YES;
				GCC_WARN_UNINITIALIZED_AUTOS = YES_AGGRESSIVE;
				GCC_WARN_UNUSED_FUNCTION = YES;
				GCC_WARN_UNUSED_VARIABLE = YES;
				MARKETING_VERSION = 0.1.0;
				MTL_ENABLE_DEBUG_INFO = NO;
				MTL_FAST_MATH = YES;
				PRODUCT_NAME = "$(TARGET_NAME)";
				SDKROOT = macosx;
				SWIFT_COMPILATION_MODE = wholemodule;
				SWIFT_OPTIMIZATION_LEVEL = "-O";
				SWIFT_VERSION = 5.1;
			};
			name = Release;
		};
/* End XCBuildConfiguration section */

/* Begin XCConfigurationList section */
		028EF69E38AA096C556334B1 /* Build configuration list for PBXNativeTarget "AtlasMasaMacOSTests" */ = {
			isa = XCConfigurationList;
			buildConfigurations = (
				71923FB66EA1DECB64A5D48F /* Debug */,
				D50D5DD494916AAC429CB1F8 /* Release */,
			);
			defaultConfigurationIsVisible = 0;
			defaultConfigurationName = Debug;
		};
		19518170FC9C0BC2E740C963 /* Build configuration list for PBXNativeTarget "AtlasMasaMacOS" */ = {
			isa = XCConfigurationList;
			buildConfigurations = (
				05A391D495EA923D7D85695C /* Debug */,
				CD5A63BC5209B8783EAC5A04 /* Release */,
			);
			defaultConfigurationIsVisible = 0;
			defaultConfigurationName = Debug;
		};
		DD471536F85F744267193D99 /* Build configuration list for PBXProject "AtlasMasaMacOS" */ = {
			isa = XCConfigurationList;
			buildConfigurations = (
				676F851DC9D4930B9B45284C /* Debug */,
				EFAADF52BE6DAEF629A210B3 /* Release */,
			);
			defaultConfigurationIsVisible = 0;
			defaultConfigurationName = Debug;
		};
/* End XCConfigurationList section */
	};
	rootObject = 00A3781DFB7765F9D2BB2C0A /* Project object */;
}
